
Microsoft Visual Studio Solution File, Format Version 12.00
# Visual Studio Version 17
VisualStudioVersion = 17.5.33516.290
MinimumVisualStudioVersion = 10.0.40219.1
Project("{9A19103F-16F7-4668-BE54-9A1E7A4F7556}") = "LastguyShop", "LastguyShop.csproj", "{7351F135-719E-489F-9598-C43A3927DC6F}"
EndProject
Global
	GlobalSection(SolutionConfigurationPlatforms) = preSolution
		Debug|Any CPU = Debug|Any CPU
		Release|Any CPU = Release|Any CPU
	EndGlobalSection
	GlobalSection(ProjectConfigurationPlatforms) = postSolution
		{7351F135-719E-489F-9598-C43A3927DC6F}.Debug|Any CPU.ActiveCfg = Debug|Any CPU
		{7351F135-719E-489F-9598-C43A3927DC6F}.Debug|Any CPU.Build.0 = Debug|Any CPU
		{7351F135-719E-489F-9598-C43A3927DC6F}.Release|Any CPU.ActiveCfg = Release|Any CPU
		{7351F135-719E-489F-9598-C43A3927DC6F}.Release|Any CPU.Build.0 = Release|Any CPU
	EndGlobalSection
	GlobalSection(SolutionProperties) = preSolution
		HideSolutionNode = FALSE
	EndGlobalSection
	GlobalSection(ExtensibilityGlobals) = postSolution
		SolutionGuid = {249BF520-5EA2-4122-9327-5877FD7D52AC}
	EndGlobalSection
EndGlobal
